
Microsoft Visual Studio Solution File, Format Version 12.00
# Visual Studio Version 17
VisualStudioVersion = 17.13.35913.81 d17.13
MinimumVisualStudioVersion = 10.0.40219.1
Project("{FAE04EC0-301F-11D3-BF4B-00C04F79EFBC}") = "Casting", "Casting.csproj", "{9BDA1F74-0503-492D-9585-ED22751E92E5}"
EndProject
Global
	GlobalSection(SolutionConfigurationPlatforms) = preSolution
		Debug|Any CPU = Debug|Any CPU
		Release|Any CPU = Release|Any CPU
	EndGlobalSection
	GlobalSection(ProjectConfigurationPlatforms) = postSolution
		{9BDA1F74-0503-492D-9585-ED22751E92E5}.Debug|Any CPU.ActiveCfg = Debug|Any CPU
		{9BDA1F74-0503-492D-9585-ED22751E92E5}.Debug|Any CPU.Build.0 = Debug|Any CPU
		{9BDA1F74-0503-492D-9585-ED22751E92E5}.Release|Any CPU.ActiveCfg = Release|Any CPU
		{9BDA1F74-0503-492D-9585-ED22751E92E5}.Release|Any CPU.Build.0 = Release|Any CPU
	EndGlobalSection
	GlobalSection(SolutionProperties) = preSolution
		HideSolutionNode = FALSE
	EndGlobalSection
	GlobalSection(ExtensibilityGlobals) = postSolution
		SolutionGuid = {EF12EFB6-B917-45ED-9D2C-35003927FA67}
	EndGlobalSection
EndGlobal
